{
  "version": 4,
  "terraform_version": "1.11.4",
  "serial": 275,
  "lineage": "da0957a4-84a6-2728-4939-fbeffec77b3d",
  "outputs": {},
  "resources": [
    {
      "mode": "data",
      "type": "aws_acm_certificate",
      "name": "example_cert",
      "provider": "provider[\"registry.terraform.io/hashicorp/aws\"]",
      "instances": [
        {
          "schema_version": 0,
          "attributes": {
            "arn": "arn:aws:acm:us-east-1:804906270331:certificate/0d372cad-22df-4146-bc65-fe092908c8cb",
            "certificate": "-----BEGIN CERTIFICATE-----\nMIIFxDCCBKygAwIBAgIQBz48Vdy1La32I0kjRwmVWjANBgkqhkiG9w0BAQsFADA8\nMQswCQYDVQQGEwJVUzEPMA0GA1UEChMGQW1hem9uMRwwGgYDVQQDExNBbWF6b24g\nUlNBIDIwNDggTTAyMB4XDTI1MDQyOTAwMDAwMFoXDTI2MDUyODIzNTk1OVowGDEW\nMBQGA1UEAxMNYW1hbnNpbmdoLnh5ejCCASIwDQYJKoZIhvcNAQEBBQADggEPADCC\nAQoCggEBAMTr3U/YzVWra0flISctMdcv5zhGf+GQ2gGyhy2sHQMN8WDZwoR6FEY6\nxDAciAPckiqt5t4/j4kEsdt1JwjFFyNEUeFr0xC8LNF44pfbnWr39px5qT231YXY\n+D2BCaR7pxRLlsv70p7PgiWGoZ6WKP+13W0Zuzca3/oxsj9JKelVc+m2kZ4M2HPC\nwJ6weleQqDAcJ+f0NRAFGMVwJRzKTw9Xc9uX5jZtPYbyYMj3+sr3vdL0H9aylDqB\nrUuhf2AzPXVHNYf/rTkIpsGHa2VMujKF3VB/jX+EYAS8Z38x0PL11yKSPbVDNp3X\n0bZiFGb7G8ZimxA9ShifNvELJLVV99MCAwEAAaOCAuQwggLgMB8GA1UdIwQYMBaA\nFMAxUs1aUMOCfHRxzsvpnPl664LiMB0GA1UdDgQWBBReWU0J7GpVJMsw/o/i7MQb\nmlG1ITAYBgNVHREEETAPgg1hbWFuc2luZ2gueHl6MBMGA1UdIAQMMAowCAYGZ4EM\nAQIBMA4GA1UdDwEB/wQEAwIFoDAdBgNVHSUEFjAUBggrBgEFBQcDAQYIKwYBBQUH\nAwIwOwYDVR0fBDQwMjAwoC6gLIYqaHR0cDovL2NybC5yMm0wMi5hbWF6b250cnVz\ndC5jb20vcjJtMDIuY3JsMHUGCCsGAQUFBwEBBGkwZzAtBggrBgEFBQcwAYYhaHR0\ncDovL29jc3AucjJtMDIuYW1hem9udHJ1c3QuY29tMDYGCCsGAQUFBzAChipodHRw\nOi8vY3J0LnIybTAyLmFtYXpvbnRydXN0LmNvbS9yMm0wMi5jZXIwDAYDVR0TAQH/\nBAIwADCCAXwGCisGAQQB1nkCBAIEggFsBIIBaAFmAHYAlpdkv1VYl633Q4doNwhC\nd+nwOtX2pPM2bkakPw/KqcYAAAGWgIPC5wAABAMARzBFAiEAhy4l/T4PgOgG7rW/\n476Awr9gyi/qfjdUxD/y/0Bcq7YCIAT1V4DBO+Rp42DY+PCpiSSfNjOWYWg5MItp\nUvleg04XAHUAZBHEbKQS7KeJHKICLgC8q08oB9QeNSer6v7VA8l9zfAAAAGWgIPC\n1wAABAMARjBEAiBlq2J7FY+Jw9QkdfUkAw1qXWPF3xN5gud526WWY0BZYQIgHNjs\n2zhnhTHeRRaaoNoqB/TX5z2lsyTbebS1VbzPaDQAdQBJnJtp3h187Pw23s2HZKa4\nW68Kh4AZ0VVS++nrKd34wwAAAZaAg8LwAAAEAwBGMEQCIH4PxwwTJnGBTDG29cmk\nvZWQsFr17ej0dEXrmQceXLTLAiASujMOyqfE/jjK3LAsJeESDLXujjhuKjCiFp/c\nWNLC/DANBgkqhkiG9w0BAQsFAAOCAQEAIuMS0kB3RuXWUcxkgiBdDGeth3fDl1Bg\ncXPdP1TDplKlJALlUSsK7nLqnLxR0Betlb5/vsUt5HX5gDM0MZTqYDS4JbgtdId0\nc+wudFSL9035eZUB6sbl2lsm+fZKd+stgryavrhCI2TnjwtY5WlkrNjNDrtBdrom\ntO4T1iI1uV2tdW9Lkkhkr5VqmnijhszpFamj7vDRIkMtlESseBGmrhnU+UiowoUn\n1+7pTYOjLRSwD+hi2zqhKBej7g4KVWRbK98AP9Ocv106M9CF923Cmdz7fixqmuLx\nzl4oJKMG/Q8Q9ljJTwitkK4lTOgmHYT+gJAupJuKUqAjIG7SZV177A==\n-----END CERTIFICATE-----\n",
            "certificate_chain": "-----BEGIN CERTIFICATE-----\nMIIEXjCCA0agAwIBAgITB3MSSkvL1E7HtTvq8ZSELToPoTANBgkqhkiG9w0BAQsF\nADA5MQswCQYDVQQGEwJVUzEPMA0GA1UEChMGQW1hem9uMRkwFwYDVQQDExBBbWF6\nb24gUm9vdCBDQSAxMB4XDTIyMDgyMzIyMjUzMFoXDTMwMDgyMzIyMjUzMFowPDEL\nMAkGA1UEBhMCVVMxDzANBgNVBAoTBkFtYXpvbjEcMBoGA1UEAxMTQW1hem9uIFJT\nQSAyMDQ4IE0wMjCCASIwDQYJKoZIhvcNAQEBBQADggEPADCCAQoCggEBALtDGMZa\nqHneKei1by6+pUPPLljTB143Si6VpEWPc6mSkFhZb/6qrkZyoHlQLbDYnI2D7hD0\nsdzEqfnuAjIsuXQLG3A8TvX6V3oFNBFVe8NlLJHvBseKY88saLwufxkZVwk74g4n\nWlNMXzla9Y5F3wwRHwMVH443xGz6UtGSZSqQ94eFx5X7Tlqt8whi8qCaKdZ5rNak\n+r9nUThOeClqFd4oXych//Rc7Y0eX1KNWHYSI1Nk31mYgiK3JvH063g+K9tHA63Z\neTgKgndlh+WI+zv7i44HepRZjA1FYwYZ9Vv/9UkC5Yz8/yU65fgjaE+wVHM4e/Yy\nC2osrPWE7gJ+dXMCAwEAAaOCAVowggFWMBIGA1UdEwEB/wQIMAYBAf8CAQAwDgYD\nVR0PAQH/BAQDAgGGMB0GA1UdJQQWMBQGCCsGAQUFBwMBBggrBgEFBQcDAjAdBgNV\nHQ4EFgQUwDFSzVpQw4J8dHHOy+mc+XrrguIwHwYDVR0jBBgwFoAUhBjMhTTsvAyU\nlC4IWZzHshBOCggwewYIKwYBBQUHAQEEbzBtMC8GCCsGAQUFBzABhiNodHRwOi8v\nb2NzcC5yb290Y2ExLmFtYXpvbnRydXN0LmNvbTA6BggrBgEFBQcwAoYuaHR0cDov\nL2NydC5yb290Y2ExLmFtYXpvbnRydXN0LmNvbS9yb290Y2ExLmNlcjA/BgNVHR8E\nODA2MDSgMqAwhi5odHRwOi8vY3JsLnJvb3RjYTEuYW1hem9udHJ1c3QuY29tL3Jv\nb3RjYTEuY3JsMBMGA1UdIAQMMAowCAYGZ4EMAQIBMA0GCSqGSIb3DQEBCwUAA4IB\nAQAtTi6Fs0Azfi+iwm7jrz+CSxHH+uHl7Law3MQSXVtR8RV53PtR6r/6gNpqlzdo\nZq4FKbADi1v9Bun8RY8D51uedRfjsbeodizeBB8nXmeyD33Ep7VATj4ozcd31YFV\nfgRhvTSxNrrTlNpWkUk0m3BMPv8sg381HhA6uEYokE5q9uws/3YkKqRiEz3TsaWm\nJqIRZhMbgAfp7O7FUwFIb7UIspogZSKxPIWJpxiPo3TcBambbVtQOcNRWz5qCQdD\nslI2yayq0n2TXoHyNCLEH8rpsJRVILFsg0jc7BaFrMnF462+ajSehgj12IidNeRN\n4zl+EoNaWdpnWndvSpAEkq2P\n-----END CERTIFICATE-----\n-----BEGIN CERTIFICATE-----\nMIIEkjCCA3qgAwIBAgITBn+USionzfP6wq4rAfkI7rnExjANBgkqhkiG9w0BAQsF\nADCBmDELMAkGA1UEBhMCVVMxEDAOBgNVBAgTB0FyaXpvbmExEzARBgNVBAcTClNj\nb3R0c2RhbGUxJTAjBgNVBAoTHFN0YXJmaWVsZCBUZWNobm9sb2dpZXMsIEluYy4x\nOzA5BgNVBAMTMlN0YXJmaWVsZCBTZXJ2aWNlcyBSb290IENlcnRpZmljYXRlIEF1\ndGhvcml0eSAtIEcyMB4XDTE1MDUyNTEyMDAwMFoXDTM3MTIzMTAxMDAwMFowOTEL\nMAkGA1UEBhMCVVMxDzANBgNVBAoTBkFtYXpvbjEZMBcGA1UEAxMQQW1hem9uIFJv\nb3QgQ0EgMTCCASIwDQYJKoZIhvcNAQEBBQADggEPADCCAQoCggEBALJ4gHHKeNXj\nca9HgFB0fW7Y14h29Jlo91ghYPl0hAEvrAIthtOgQ3pOsqTQNroBvo3bSMgHFzZM\n9O6II8c+6zf1tRn4SWiw3te5djgdYZ6k/oI2peVKVuRF4fn9tBb6dNqcmzU5L/qw\nIFAGbHrQgLKm+a/sRxmPUDgH3KKHOVj4utWp+UhnMJbulHheb4mjUcAwhmahRWa6\nVOujw5H5SNz/0egwLX0tdHA114gk957EWW67c4cX8jJGKLhD+rcdqsq08p8kDi1L\n93FcXmn/6pUCyziKrlA4b9v7LWIbxcceVOF34GfID5yHI9Y/QCB/IIDEgEw+OyQm\njgSubJrIqg0CAwEAAaOCATEwggEtMA8GA1UdEwEB/wQFMAMBAf8wDgYDVR0PAQH/\nBAQDAgGGMB0GA1UdDgQWBBSEGMyFNOy8DJSULghZnMeyEE4KCDAfBgNVHSMEGDAW\ngBScXwDfqgHXMCs4iKK4bUqc8hGRgzB4BggrBgEFBQcBAQRsMGowLgYIKwYBBQUH\nMAGGImh0dHA6Ly9vY3NwLnJvb3RnMi5hbWF6b250cnVzdC5jb20wOAYIKwYBBQUH\nMAKGLGh0dHA6Ly9jcnQucm9vdGcyLmFtYXpvbnRydXN0LmNvbS9yb290ZzIuY2Vy\nMD0GA1UdHwQ2MDQwMqAwoC6GLGh0dHA6Ly9jcmwucm9vdGcyLmFtYXpvbnRydXN0\nLmNvbS9yb290ZzIuY3JsMBEGA1UdIAQKMAgwBgYEVR0gADANBgkqhkiG9w0BAQsF\nAAOCAQEAYjdCXLwQtT6LLOkMm2xF4gcAevnFWAu5CIw+7bMlPLVvUOTNNWqnkzSW\nMiGpSESrnO09tKpzbeR/FoCJbM8oAxiDR3mjEH4wW6w7sGDgd9QIpuEdfF7Au/ma\neyKdpwAJfqxGF4PcnCZXmTA5YpaP7dreqsXMGz7KQ2hsVxa81Q4gLv7/wmpdLqBK\nbRRYh5TmOTFffHPLkIhqhBGWJ6bt2YFGpn6jcgAKUj6DiAdjd4lpFw85hdKrCEVN\n0FE6/V1dN2RMfjCyVSRCnTawXZwXgWHxyvkQAiSr6w10kY17RSlQOYiypok1JR4U\nakcjMS9cmvqtmg5iUaQqqcT5NJ0hGA==\n-----END CERTIFICATE-----\n",
            "domain": "amansingh.xyz",
            "id": "arn:aws:acm:us-east-1:804906270331:certificate/0d372cad-22df-4146-bc65-fe092908c8cb",
            "key_types": null,
            "most_recent": true,
            "status": "ISSUED",
            "statuses": [
              "ISSUED"
            ],
            "tags": {
              "terraform": "true"
            },
            "types": null
          },
          "sensitive_attributes": []
        }
      ]
    },
    {
      "mode": "managed",
      "type": "random_id",
      "name": "random_hex",
      "provider": "provider[\"registry.terraform.io/hashicorp/random\"]",
      "instances": [
        {
          "schema_version": 0,
          "attributes": {
            "b64_std": "PyvR8J3ssQI=",
            "b64_url": "PyvR8J3ssQI",
            "byte_length": 8,
            "dec": "4551962679759909122",
            "hex": "3f2bd1f09decb102",
            "id": "PyvR8J3ssQI",
            "keepers": null,
            "prefix": null
          },
          "sensitive_attributes": []
        }
      ]
    },
    {
      "module": "module.cloudfront",
      "mode": "managed",
      "type": "aws_cloudfront_distribution",
      "name": "this",
      "provider": "provider[\"registry.terraform.io/hashicorp/aws\"]",
      "instances": [
        {
          "index_key": 0,
          "schema_version": 1,
          "attributes": {
            "aliases": [
              "amansingh.xyz"
            ],
            "arn": "arn:aws:cloudfront::804906270331:distribution/E2126JM6HR6DOI",
            "caller_reference": "terraform-20250501111737790000000001",
            "comment": "CloudFront distribution for S3 bucket static content",
            "continuous_deployment_policy_id": "",
            "custom_error_response": [],
            "default_cache_behavior": [
              {
                "allowed_methods": [
                  "GET",
                  "HEAD",
                  "OPTIONS"
                ],
                "cache_policy_id": "",
                "cached_methods": [
                  "GET",
                  "HEAD"
                ],
                "compress": true,
                "default_ttl": 0,
                "field_level_encryption_id": "",
                "forwarded_values": [
                  {
                    "cookies": [
                      {
                        "forward": "none",
                        "whitelisted_names": []
                      }
                    ],
                    "headers": [],
                    "query_string": true,
                    "query_string_cache_keys": []
                  }
                ],
                "function_association": [],
                "grpc_config": [
                  {
                    "enabled": false
                  }
                ],
                "lambda_function_association": [],
                "max_ttl": 0,
                "min_ttl": 0,
                "origin_request_policy_id": "",
                "realtime_log_config_arn": "",
                "response_headers_policy_id": "",
                "smooth_streaming": false,
                "target_origin_id": "s3_oac",
                "trusted_key_groups": [],
                "trusted_signers": [],
                "viewer_protocol_policy": "redirect-to-https"
              }
            ],
            "default_root_object": "website/index.html",
            "domain_name": "d3rugcnmnzwunv.cloudfront.net",
            "enabled": true,
            "etag": "E3S60NU95UFJBB",
            "hosted_zone_id": "Z2FDTNDATAQYW2",
            "http_version": "http2",
            "id": "E2126JM6HR6DOI",
            "in_progress_validation_batches": 0,
            "is_ipv6_enabled": false,
            "last_modified_time": "2025-05-01 11:17:49.029 +0000 UTC",
            "logging_config": [],
            "ordered_cache_behavior": [
              {
                "allowed_methods": [
                  "GET",
                  "HEAD",
                  "OPTIONS"
                ],
                "cache_policy_id": "",
                "cached_methods": [
                  "GET",
                  "HEAD"
                ],
                "compress": true,
                "default_ttl": 0,
                "field_level_encryption_id": "",
                "forwarded_values": [
                  {
                    "cookies": [
                      {
                        "forward": "none",
                        "whitelisted_names": []
                      }
                    ],
                    "headers": [],
                    "query_string": true,
                    "query_string_cache_keys": []
                  }
                ],
                "function_association": [],
                "grpc_config": [
                  {
                    "enabled": false
                  }
                ],
                "lambda_function_association": [],
                "max_ttl": 0,
                "min_ttl": 0,
                "origin_request_policy_id": "",
                "path_pattern": "/*",
                "realtime_log_config_arn": "",
                "response_headers_policy_id": "",
                "smooth_streaming": false,
                "target_origin_id": "s3_oac",
                "trusted_key_groups": [],
                "trusted_signers": [],
                "viewer_protocol_policy": "redirect-to-https"
              }
            ],
            "origin": [
              {
                "connection_attempts": 3,
                "connection_timeout": 10,
                "custom_header": [],
                "custom_origin_config": [],
                "domain_name": "s3.terraform.3f2bd1f09decb102.s3.us-east-1.amazonaws.com",
                "origin_access_control_id": "EKA7INUD0OS5U",
                "origin_id": "s3_oac",
                "origin_path": "",
                "origin_shield": [],
                "s3_origin_config": [],
                "vpc_origin_config": []
              }
            ],
            "origin_group": [],
            "price_class": "PriceClass_200",
            "restrictions": [
              {
                "geo_restriction": [
                  {
                    "locations": [],
                    "restriction_type": "none"
                  }
                ]
              }
            ],
            "retain_on_delete": false,
            "staging": false,
            "status": "Deployed",
            "tags": {
              "Env": "Dev",
              "created_by": "terraform"
            },
            "tags_all": {
              "Env": "Dev",
              "created_by": "terraform"
            },
            "trusted_key_groups": [
              {
                "enabled": false,
                "items": []
              }
            ],
            "trusted_signers": [
              {
                "enabled": false,
                "items": []
              }
            ],
            "viewer_certificate": [
              {
                "acm_certificate_arn": "arn:aws:acm:us-east-1:804906270331:certificate/0d372cad-22df-4146-bc65-fe092908c8cb",
                "cloudfront_default_certificate": false,
                "iam_certificate_id": "",
                "minimum_protocol_version": "TLSv1.2_2021",
                "ssl_support_method": "sni-only"
              }
            ],
            "wait_for_deployment": true,
            "web_acl_id": ""
          },
          "sensitive_attributes": [],
          "private": "eyJzY2hlbWFfdmVyc2lvbiI6IjEifQ==",
          "dependencies": [
            "data.aws_acm_certificate.example_cert",
            "module.cloudfront.aws_cloudfront_origin_access_control.this",
            "module.cloudfront.aws_cloudfront_origin_access_identity.this",
            "module.cloudfront.aws_cloudfront_vpc_origin.this",
            "module.cloudfront.data.aws_cloudfront_cache_policy.this",
            "module.cloudfront.data.aws_cloudfront_origin_request_policy.this",
            "module.cloudfront.data.aws_cloudfront_response_headers_policy.this",
            "module.s3_bucket.aws_s3_bucket.this",
            "random_id.random_hex"
          ]
        }
      ]
    },
    {
      "module": "module.cloudfront",
      "mode": "managed",
      "type": "aws_cloudfront_origin_access_control",
      "name": "this",
      "provider": "provider[\"registry.terraform.io/hashicorp/aws\"]",
      "instances": [
        {
          "index_key": "s3_oac",
          "schema_version": 0,
          "attributes": {
            "arn": "arn:aws:cloudfront::804906270331:origin-access-control/EKA7INUD0OS5U",
            "description": "CloudFront access to S3",
            "etag": "ETVPDKIKX0DER",
            "id": "EKA7INUD0OS5U",
            "name": "s3_oac",
            "origin_access_control_origin_type": "s3",
            "signing_behavior": "always",
            "signing_protocol": "sigv4"
          },
          "sensitive_attributes": [],
          "private": "bnVsbA=="
        }
      ]
    },
    {
      "module": "module.cloudfront",
      "mode": "managed",
      "type": "aws_cloudfront_origin_access_identity",
      "name": "this",
      "provider": "provider[\"registry.terraform.io/hashicorp/aws\"]",
      "instances": [
        {
          "index_key": "s3_bucket_one",
          "schema_version": 0,
          "attributes": {
            "arn": "arn:aws:cloudfront::804906270331:origin-access-identity/E3PB83RJZ72D9G",
            "caller_reference": "terraform-20250501111217840800000001",
            "cloudfront_access_identity_path": "origin-access-identity/cloudfront/E3PB83RJZ72D9G",
            "comment": "My awesome CloudFront can access",
            "etag": "E2YA1Q4XV7O328",
            "iam_arn": "arn:aws:iam::cloudfront:user/CloudFront Origin Access Identity E3PB83RJZ72D9G",
            "id": "E3PB83RJZ72D9G",
            "s3_canonical_user_id": "bb954509d8938c036cdc839407210b0e0758817f1989608f55ced9febcf4080c0473d0bee928f1e00132610864a18ee2"
          },
          "sensitive_attributes": [],
          "private": "bnVsbA==",
          "create_before_destroy": true
        }
      ]
    },
    {
      "module": "module.s3_bucket",
      "mode": "managed",
      "type": "aws_s3_bucket",
      "name": "this",
      "provider": "provider[\"registry.terraform.io/hashicorp/aws\"]",
      "instances": [
        {
          "index_key": 0,
          "schema_version": 0,
          "attributes": {
            "acceleration_status": "",
            "acl": null,
            "arn": "arn:aws:s3:::s3.terraform.3f2bd1f09decb102",
            "bucket": "s3.terraform.3f2bd1f09decb102",
            "bucket_domain_name": "s3.terraform.3f2bd1f09decb102.s3.amazonaws.com",
            "bucket_prefix": "",
            "bucket_regional_domain_name": "s3.terraform.3f2bd1f09decb102.s3.us-east-1.amazonaws.com",
            "cors_rule": [],
            "force_destroy": false,
            "grant": [
              {
                "id": "9d5c518b6ac272d0c9e14f3dd688262b09ef3703b5c80957ebe4578e6f8ec8e2",
                "permissions": [
                  "FULL_CONTROL"
                ],
                "type": "CanonicalUser",
                "uri": ""
              }
            ],
            "hosted_zone_id": "Z3AQBSTGFYJSTF",
            "id": "s3.terraform.3f2bd1f09decb102",
            "lifecycle_rule": [],
            "logging": [],
            "object_lock_configuration": [],
            "object_lock_enabled": false,
            "policy": "{\"Statement\":[{\"Action\":\"s3:GetObject\",\"Condition\":{\"StringEquals\":{\"AWS:SourceArn\":\"arn:aws:cloudfront::804906270331:distribution/E2126JM6HR6DOI\"}},\"Effect\":\"Allow\",\"Principal\":{\"Service\":\"cloudfront.amazonaws.com\"},\"Resource\":\"arn:aws:s3:::s3.terraform.3f2bd1f09decb102/*\",\"Sid\":\"AllowCloudFrontServicePrincipal\"}],\"Version\":\"2012-10-17\"}",
            "region": "us-east-1",
            "replication_configuration": [],
            "request_payer": "BucketOwner",
            "server_side_encryption_configuration": [
              {
                "rule": [
                  {
                    "apply_server_side_encryption_by_default": [
                      {
                        "kms_master_key_id": "",
                        "sse_algorithm": "AES256"
                      }
                    ],
                    "bucket_key_enabled": false
                  }
                ]
              }
            ],
            "tags": {
              "Env": "Dev",
              "created_by": "terraform"
            },
            "tags_all": {
              "Env": "Dev",
              "created_by": "terraform"
            },
            "timeouts": null,
            "versioning": [
              {
                "enabled": true,
                "mfa_delete": false
              }
            ],
            "website": [],
            "website_domain": null,
            "website_endpoint": null
          },
          "sensitive_attributes": [],
          "private": "eyJlMmJmYjczMC1lY2FhLTExZTYtOGY4OC0zNDM2M2JjN2M0YzAiOnsiY3JlYXRlIjoxMjAwMDAwMDAwMDAwLCJkZWxldGUiOjM2MDAwMDAwMDAwMDAsInJlYWQiOjEyMDAwMDAwMDAwMDAsInVwZGF0ZSI6MTIwMDAwMDAwMDAwMH19",
          "dependencies": [
            "random_id.random_hex"
          ]
        }
      ]
    }
  ],
  "check_results": null
}
